// !$*UTF8*$!
{
	archiveVersion = 1;
	classes = {
	};
	objectVersion = 55;
	objects = {

/* Begin PBXBuildFile section */
		1629D90227BD4F74004D79AB /* ConversationTableViewCell.swift in Sources */ = {isa = PBXBuildFile; fileRef = 1629D90127BD4F74004D79AB /* ConversationTableViewCell.swift */; };
		1646751027763B770067338E /* AppDelegate.swift in Sources */ = {isa = PBXBuildFile; fileRef = 1646750F27763B770067338E /* AppDelegate.swift */; };
		1646751227763B770067338E /* SceneDelegate.swift in Sources */ = {isa = PBXBuildFile; fileRef = 1646751127763B770067338E /* SceneDelegate.swift */; };
		1646751427763B770067338E /* ConversationsViewController.swift in Sources */ = {isa = PBXBuildFile; fileRef = 1646751327763B770067338E /* ConversationsViewController.swift */; };
		1646751727763B770067338E /* Main.storyboard in Resources */ = {isa = PBXBuildFile; fileRef = 1646751527763B770067338E /* Main.storyboard */; };
		1646751927763B780067338E /* Assets.xcassets in Resources */ = {isa = PBXBuildFile; fileRef = 1646751827763B780067338E /* Assets.xcassets */; };
		1646751C27763B780067338E /* LaunchScreen.storyboard in Resources */ = {isa = PBXBuildFile; fileRef = 1646751A27763B780067338E /* LaunchScreen.storyboard */; };
		1646752A27763DC90067338E /* LoginViewController.swift in Sources */ = {isa = PBXBuildFile; fileRef = 1646752927763DC90067338E /* LoginViewController.swift */; };
		1646752C27763DD70067338E /* RegisterViewController.swift in Sources */ = {isa = PBXBuildFile; fileRef = 1646752B27763DD70067338E /* RegisterViewController.swift */; };
		1646752E27763E000067338E /* PhotoViewerViewController.swift in Sources */ = {isa = PBXBuildFile; fileRef = 1646752D27763E000067338E /* PhotoViewerViewController.swift */; };
		1646753027763E0F0067338E /* VideoPlayerViewController.swift in Sources */ = {isa = PBXBuildFile; fileRef = 1646752F27763E0F0067338E /* VideoPlayerViewController.swift */; };
		1646753227763E390067338E /* NewConversationViewController.swift in Sources */ = {isa = PBXBuildFile; fileRef = 1646753127763E390067338E /* NewConversationViewController.swift */; };
		1646753427763E430067338E /* ProfileViewController.swift in Sources */ = {isa = PBXBuildFile; fileRef = 1646753327763E430067338E /* ProfileViewController.swift */; };
		167462C3277AEF3D0004B92D /* GoogleService-Info.plist in Resources */ = {isa = PBXBuildFile; fileRef = 167462C2277AEF3D0004B92D /* GoogleService-Info.plist */; };
		167462C5277B0D510004B92D /* DatabaseManager.swift in Sources */ = {isa = PBXBuildFile; fileRef = 167462C4277B0D510004B92D /* DatabaseManager.swift */; };
		1695674D277DA4E900A03101 /* StorageManager.swift in Sources */ = {isa = PBXBuildFile; fileRef = 1695674C277DA4E900A03101 /* StorageManager.swift */; };
		16BB6B6D2779F7C200AAEDD8 /* Extensions.swift in Sources */ = {isa = PBXBuildFile; fileRef = 16BB6B6C2779F7C200AAEDD8 /* Extensions.swift */; };
		16C143FB277CBF5000DF6D4E /* ChatViewController.swift in Sources */ = {isa = PBXBuildFile; fileRef = 16C143FA277CBF5000DF6D4E /* ChatViewController.swift */; };
		16C3FBF027CA90AC00370FFF /* NewConversationCell.swift in Sources */ = {isa = PBXBuildFile; fileRef = 16C3FBEF27CA90AC00370FFF /* NewConversationCell.swift */; };
		960ED263B9FA3E5E3AAD684D /* Pods_Texty.framework in Frameworks */ = {isa = PBXBuildFile; fileRef = B3DCB3F303160126472A26A8 /* Pods_Texty.framework */; };
/* End PBXBuildFile section */

/* Begin PBXFileReference section */
		1629D90127BD4F74004D79AB /* ConversationTableViewCell.swift */ = {isa = PBXFileReference; lastKnownFileType = sourcecode.swift; path = ConversationTableViewCell.swift; sourceTree = "<group>"; };
		1646750C27763B770067338E /* Texty.app */ = {isa = PBXFileReference; explicitFileType = wrapper.application; includeInIndex = 0; path = Texty.app; sourceTree = BUILT_PRODUCTS_DIR; };
		1646750F27763B770067338E /* AppDelegate.swift */ = {isa = PBXFileReference; lastKnownFileType = sourcecode.swift; path = AppDelegate.swift; sourceTree = "<group>"; };
		1646751127763B770067338E /* SceneDelegate.swift */ = {isa = PBXFileReference; lastKnownFileType = sourcecode.swift; path = SceneDelegate.swift; sourceTree = "<group>"; };
		1646751327763B770067338E /* ConversationsViewController.swift */ = {isa = PBXFileReference; lastKnownFileType = sourcecode.swift; path = ConversationsViewController.swift; sourceTree = "<group>"; };
		1646751627763B770067338E /* Base */ = {isa = PBXFileReference; lastKnownFileType = file.storyboard; name = Base; path = Base.lproj/Main.storyboard; sourceTree = "<group>"; };
		1646751827763B780067338E /* Assets.xcassets */ = {isa = PBXFileReference; lastKnownFileType = folder.assetcatalog; path = Assets.xcassets; sourceTree = "<group>"; };
		1646751B27763B780067338E /* Base */ = {isa = PBXFileReference; lastKnownFileType = file.storyboard; name = Base; path = Base.lproj/LaunchScreen.storyboard; sourceTree = "<group>"; };
		1646751D27763B780067338E /* Info.plist */ = {isa = PBXFileReference; lastKnownFileType = text.plist.xml; path = Info.plist; sourceTree = "<group>"; };
		1646752927763DC90067338E /* LoginViewController.swift */ = {isa = PBXFileReference; lastKnownFileType = sourcecode.swift; path = LoginViewController.swift; sourceTree = "<group>"; };
		1646752B27763DD70067338E /* RegisterViewController.swift */ = {isa = PBXFileReference; lastKnownFileType = sourcecode.swift; path = RegisterViewController.swift; sourceTree = "<group>"; };
		1646752D27763E000067338E /* PhotoViewerViewController.swift */ = {isa = PBXFileReference; lastKnownFileType = sourcecode.swift; path = PhotoViewerViewController.swift; sourceTree = "<group>"; };
		1646752F27763E0F0067338E /* VideoPlayerViewController.swift */ = {isa = PBXFileReference; lastKnownFileType = sourcecode.swift; path = VideoPlayerViewController.swift; sourceTree = "<group>"; };
		1646753127763E390067338E /* NewConversationViewController.swift */ = {isa = PBXFileReference; lastKnownFileType = sourcecode.swift; path = NewConversationViewController.swift; sourceTree = "<group>"; };
		1646753327763E430067338E /* ProfileViewController.swift */ = {isa = PBXFileReference; lastKnownFileType = sourcecode.swift; path = ProfileViewController.swift; sourceTree = "<group>"; };
		167462C2277AEF3D0004B92D /* GoogleService-Info.plist */ = {isa = PBXFileReference; fileEncoding = 4; lastKnownFileType = text.plist.xml; path = "GoogleService-Info.plist"; sourceTree = "<group>"; };
		167462C4277B0D510004B92D /* DatabaseManager.swift */ = {isa = PBXFileReference; lastKnownFileType = sourcecode.swift; path = DatabaseManager.swift; sourceTree = "<group>"; };
		1695674C277DA4E900A03101 /* StorageManager.swift */ = {isa = PBXFileReference; lastKnownFileType = sourcecode.swift; path = StorageManager.swift; sourceTree = "<group>"; };
		16BB6B6C2779F7C200AAEDD8 /* Extensions.swift */ = {isa = PBXFileReference; lastKnownFileType = sourcecode.swift; path = Extensions.swift; sourceTree = "<group>"; };
		16C143FA277CBF5000DF6D4E /* ChatViewController.swift */ = {isa = PBXFileReference; lastKnownFileType = sourcecode.swift; path = ChatViewController.swift; sourceTree = "<group>"; };
		16C3FBEF27CA90AC00370FFF /* NewConversationCell.swift */ = {isa = PBXFileReference; lastKnownFileType = sourcecode.swift; path = NewConversationCell.swift; sourceTree = "<group>"; };
		A1693F13AA1A7E6DC01FF5D4 /* Pods-Texty.debug.xcconfig */ = {isa = PBXFileReference; includeInIndex = 1; lastKnownFileType = text.xcconfig; name = "Pods-Texty.debug.xcconfig"; path = "Target Support Files/Pods-Texty/Pods-Texty.debug.xcconfig"; sourceTree = "<group>"; };
		AF1127DCB0C7BDEAF36BFB33 /* Pods-Texty.release.xcconfig */ = {isa = PBXFileReference; includeInIndex = 1; lastKnownFileType = text.xcconfig; name = "Pods-Texty.release.xcconfig"; path = "Target Support Files/Pods-Texty/Pods-Texty.release.xcconfig"; sourceTree = "<group>"; };
		B3DCB3F303160126472A26A8 /* Pods_Texty.framework */ = {isa = PBXFileReference; explicitFileType = wrapper.framework; includeInIndex = 0; path = Pods_Texty.framework; sourceTree = BUILT_PRODUCTS_DIR; };
/* End PBXFileReference section */

/* Begin PBXFrameworksBuildPhase section */
		1646750927763B770067338E /* Frameworks */ = {
			isa = PBXFrameworksBuildPhase;
			buildActionMask = 2147483647;
			files = (
				960ED263B9FA3E5E3AAD684D /* Pods_Texty.framework in Frameworks */,
			);
			runOnlyForDeploymentPostprocessing = 0;
		};
/* End PBXFrameworksBuildPhase section */

/* Begin PBXGroup section */
		1646750327763B770067338E = {
			isa = PBXGroup;
			children = (
				1646750E27763B770067338E /* Texty */,
				1646750D27763B770067338E /* Products */,
				21D27B37E53218B68F8ED486 /* Pods */,
				A1DD544E731CD941636C40D0 /* Frameworks */,
			);
			sourceTree = "<group>";
		};
		1646750D27763B770067338E /* Products */ = {
			isa = PBXGroup;
			children = (
				1646750C27763B770067338E /* Texty.app */,
			);
			name = Products;
			sourceTree = "<group>";
		};
		1646750E27763B770067338E /* Texty */ = {
			isa = PBXGroup;
			children = (
				167462C2277AEF3D0004B92D /* GoogleService-Info.plist */,
				1646752727763C550067338E /* Resources */,
				1646752627763C4F0067338E /* ViewModels */,
				1646752527763C4A0067338E /* Models */,
				1646752427763C440067338E /* Views */,
				1646752327763C2E0067338E /* Controllers */,
				1646751D27763B780067338E /* Info.plist */,
			);
			path = Texty;
			sourceTree = "<group>";
		};
		1646752327763C2E0067338E /* Controllers */ = {
			isa = PBXGroup;
			children = (
				1646751327763B770067338E /* ConversationsViewController.swift */,
				1646753627763FE30067338E /* Login */,
				1646752D27763E000067338E /* PhotoViewerViewController.swift */,
				1646752F27763E0F0067338E /* VideoPlayerViewController.swift */,
				1646753127763E390067338E /* NewConversationViewController.swift */,
				1646753327763E430067338E /* ProfileViewController.swift */,
				16C143FA277CBF5000DF6D4E /* ChatViewController.swift */,
			);
			path = Controllers;
			sourceTree = "<group>";
		};
		1646752427763C440067338E /* Views */ = {
			isa = PBXGroup;
			children = (
				1646752827763C840067338E /* Storyboards */,
				1646751827763B780067338E /* Assets.xcassets */,
				1629D90127BD4F74004D79AB /* ConversationTableViewCell.swift */,
				16C3FBEF27CA90AC00370FFF /* NewConversationCell.swift */,
			);
			path = Views;
			sourceTree = "<group>";
		};
		1646752527763C4A0067338E /* Models */ = {
			isa = PBXGroup;
			children = (
			);
			path = Models;
			sourceTree = "<group>";
		};
		1646752627763C4F0067338E /* ViewModels */ = {
			isa = PBXGroup;
			children = (
			);
			path = ViewModels;
			sourceTree = "<group>";
		};
		1646752727763C550067338E /* Resources */ = {
			isa = PBXGroup;
			children = (
				1646750F27763B770067338E /* AppDelegate.swift */,
				1646751127763B770067338E /* SceneDelegate.swift */,
				16BB6B6C2779F7C200AAEDD8 /* Extensions.swift */,
				167462C4277B0D510004B92D /* DatabaseManager.swift */,
				1695674C277DA4E900A03101 /* StorageManager.swift */,
			);
			path = Resources;
			sourceTree = "<group>";
		};
		1646752827763C840067338E /* Storyboards */ = {
			isa = PBXGroup;
			children = (
				1646751527763B770067338E /* Main.storyboard */,
				1646751A27763B780067338E /* LaunchScreen.storyboard */,
			);
			path = Storyboards;
			sourceTree = "<group>";
		};
		1646753627763FE30067338E /* Login */ = {
			isa = PBXGroup;
			children = (
				1646752927763DC90067338E /* LoginViewController.swift */,
				1646752B27763DD70067338E /* RegisterViewController.swift */,
			);
			path = Login;
			sourceTree = "<group>";
		};
		21D27B37E53218B68F8ED486 /* Pods */ = {
			isa = PBXGroup;
			children = (
				A1693F13AA1A7E6DC01FF5D4 /* Pods-Texty.debug.xcconfig */,
				AF1127DCB0C7BDEAF36BFB33 /* Pods-Texty.release.xcconfig */,
			);
			path = Pods;
			sourceTree = "<group>";
		};
		A1DD544E731CD941636C40D0 /* Frameworks */ = {
			isa = PBXGroup;
			children = (
				B3DCB3F303160126472A26A8 /* Pods_Texty.framework */,
			);
			name = Frameworks;
			sourceTree = "<group>";
		};
/* End PBXGroup section */

/* Begin PBXNativeTarget section */
		1646750B27763B770067338E /* Texty */ = {
			isa = PBXNativeTarget;
			buildConfigurationList = 1646752027763B780067338E /* Build configuration list for PBXNativeTarget "Texty" */;
			buildPhases = (
				97112B62597E571C2B536DB0 /* [CP] Check Pods Manifest.lock */,
				1646750827763B770067338E /* Sources */,
				1646750927763B770067338E /* Frameworks */,
				1646750A27763B770067338E /* Resources */,
				983F145F9874816E5D52FCA4 /* [CP] Embed Pods Frameworks */,
				BAEB9DC6934CA568CEFE7178 /* [CP] Copy Pods Resources */,
			);
			buildRules = (
			);
			dependencies = (
			);
			name = Texty;
			productName = Texty;
			productReference = 1646750C27763B770067338E /* Texty.app */;
			productType = "com.apple.product-type.application";
		};
/* End PBXNativeTarget section */

/* Begin PBXProject section */
		1646750427763B770067338E /* Project object */ = {
			isa = PBXProject;
			attributes = {
				BuildIndependentTargetsInParallel = 1;
				LastSwiftUpdateCheck = 1310;
				LastUpgradeCheck = 1310;
				TargetAttributes = {
					1646750B27763B770067338E = {
						CreatedOnToolsVersion = 13.1;
					};
				};
			};
			buildConfigurationList = 1646750727763B770067338E /* Build configuration list for PBXProject "Texty" */;
			compatibilityVersion = "Xcode 13.0";
			developmentRegion = en;
			hasScannedForEncodings = 0;
			knownRegions = (
				en,
				Base,
			);
			mainGroup = 1646750327763B770067338E;
			productRefGroup = 1646750D27763B770067338E /* Products */;
			projectDirPath = "";
			projectRoot = "";
			targets = (
				1646750B27763B770067338E /* Texty */,
			);
		};
/* End PBXProject section */

/* Begin PBXResourcesBuildPhase section */
		1646750A27763B770067338E /* Resources */ = {
			isa = PBXResourcesBuildPhase;
			buildActionMask = 2147483647;
			files = (
				1646751C27763B780067338E /* LaunchScreen.storyboard in Resources */,
				167462C3277AEF3D0004B92D /* GoogleService-Info.plist in Resources */,
				1646751927763B780067338E /* Assets.xcassets in Resources */,
				1646751727763B770067338E /* Main.storyboard in Resources */,
			);
			runOnlyForDeploymentPostprocessing = 0;
		};
/* End PBXResourcesBuildPhase section */

/* Begin PBXShellScriptBuildPhase section */
		97112B62597E571C2B536DB0 /* [CP] Check Pods Manifest.lock */ = {
			isa = PBXShellScriptBuildPhase;
			buildActionMask = 2147483647;
			files = (
			);
			inputFileListPaths = (
			);
			inputPaths = (
				"${PODS_PODFILE_DIR_PATH}/Podfile.lock",
				"${PODS_ROOT}/Manifest.lock",
			);
			name = "[CP] Check Pods Manifest.lock";
			outputFileListPaths = (
			);
			outputPaths = (
				"$(DERIVED_FILE_DIR)/Pods-Texty-checkManifestLockResult.txt",
			);
			runOnlyForDeploymentPostprocessing = 0;
			shellPath = /bin/sh;
			shellScript = "diff \"${PODS_PODFILE_DIR_PATH}/Podfile.lock\" \"${PODS_ROOT}/Manifest.lock\" > /dev/null\nif [ $? != 0 ] ; then\n    # print error to STDERR\n    echo \"error: The sandbox is not in sync with the Podfile.lock. Run 'pod install' or update your CocoaPods installation.\" >&2\n    exit 1\nfi\n# This output is used by Xcode 'outputs' to avoid re-running this script phase.\necho \"SUCCESS\" > \"${SCRIPT_OUTPUT_FILE_0}\"\n";
			showEnvVarsInLog = 0;
		};
		983F145F9874816E5D52FCA4 /* [CP] Embed Pods Frameworks */ = {
			isa = PBXShellScriptBuildPhase;
			buildActionMask = 2147483647;
			files = (
			);
			inputFileListPaths = (
				"${PODS_ROOT}/Target Support Files/Pods-Texty/Pods-Texty-frameworks-${CONFIGURATION}-input-files.xcfilelist",
			);
			name = "[CP] Embed Pods Frameworks";
			outputFileListPaths = (
				"${PODS_ROOT}/Target Support Files/Pods-Texty/Pods-Texty-frameworks-${CONFIGURATION}-output-files.xcfilelist",
			);
			runOnlyForDeploymentPostprocessing = 0;
			shellPath = /bin/sh;
			shellScript = "\"${PODS_ROOT}/Target Support Files/Pods-Texty/Pods-Texty-frameworks.sh\"\n";
			showEnvVarsInLog = 0;
		};
		BAEB9DC6934CA568CEFE7178 /* [CP] Copy Pods Resources */ = {
			isa = PBXShellScriptBuildPhase;
			buildActionMask = 2147483647;
			files = (
			);
			inputFileListPaths = (
				"${PODS_ROOT}/Target Support Files/Pods-Texty/Pods-Texty-resources-${CONFIGURATION}-input-files.xcfilelist",
			);
			name = "[CP] Copy Pods Resources";
			outputFileListPaths = (
				"${PODS_ROOT}/Target Support Files/Pods-Texty/Pods-Texty-resources-${CONFIGURATION}-output-files.xcfilelist",
			);
			runOnlyForDeploymentPostprocessing = 0;
			shellPath = /bin/sh;
			shellScript = "\"${PODS_ROOT}/Target Support Files/Pods-Texty/Pods-Texty-resources.sh\"\n";
			showEnvVarsInLog = 0;
		};
/* End PBXShellScriptBuildPhase section */

/* Begin PBXSourcesBuildPhase section */
		1646750827763B770067338E /* Sources */ = {
			isa = PBXSourcesBuildPhase;
			buildActionMask = 2147483647;
			files = (
				1646752A27763DC90067338E /* LoginViewController.swift in Sources */,
				16C3FBF027CA90AC00370FFF /* NewConversationCell.swift in Sources */,
				167462C5277B0D510004B92D /* DatabaseManager.swift in Sources */,
				1646752C27763DD70067338E /* RegisterViewController.swift in Sources */,
				1646753227763E390067338E /* NewConversationViewController.swift in Sources */,
				1646751427763B770067338E /* ConversationsViewController.swift in Sources */,
				1646753027763E0F0067338E /* VideoPlayerViewController.swift in Sources */,
				16BB6B6D2779F7C200AAEDD8 /* Extensions.swift in Sources */,
				1646751027763B770067338E /* AppDelegate.swift in Sources */,
				1646753427763E430067338E /* ProfileViewController.swift in Sources */,
				1646751227763B770067338E /* SceneDelegate.swift in Sources */,
				1629D90227BD4F74004D79AB /* ConversationTableViewCell.swift in Sources */,
				16C143FB277CBF5000DF6D4E /* ChatViewController.swift in Sources */,
				1646752E27763E000067338E /* PhotoViewerViewController.swift in Sources */,
				1695674D277DA4E900A03101 /* StorageManager.swift in Sources */,
			);
			runOnlyForDeploymentPostprocessing = 0;
		};
/* End PBXSourcesBuildPhase section */

/* Begin PBXVariantGroup section */
		1646751527763B770067338E /* Main.storyboard */ = {
			isa = PBXVariantGroup;
			children = (
				1646751627763B770067338E /* Base */,
			);
			name = Main.storyboard;
			sourceTree = "<group>";
		};
		1646751A27763B780067338E /* LaunchScreen.storyboard */ = {
			isa = PBXVariantGroup;
			children = (
				1646751B27763B780067338E /* Base */,
			);
			name = LaunchScreen.storyboard;
			sourceTree = "<group>";
		};
/* End PBXVariantGroup section */

/* Begin XCBuildConfiguration section */
		1646751E27763B780067338E /* Debug */ = {
			isa = XCBuildConfiguration;
			buildSettings = {
				ALWAYS_SEARCH_USER_PATHS = NO;
				CLANG_ANALYZER_NONNULL = YES;
				CLANG_ANALYZER_NUMBER_OBJECT_CONVERSION = YES_AGGRESSIVE;
				CLANG_CXX_LANGUAGE_STANDARD = "gnu++17";
				CLANG_CXX_LIBRARY = "libc++";
				CLANG_ENABLE_MODULES = YES;
				CLANG_ENABLE_OBJC_ARC = YES;
				CLANG_ENABLE_OBJC_WEAK = YES;
				CLANG_WARN_BLOCK_CAPTURE_AUTORELEASING = YES;
				CLANG_WARN_BOOL_CONVERSION = YES;
				CLANG_WARN_COMMA = YES;
				CLANG_WARN_CONSTANT_CONVERSION = YES;
				CLANG_WARN_DEPRECATED_OBJC_IMPLEMENTATIONS = YES;
				CLANG_WARN_DIRECT_OBJC_ISA_USAGE = YES_ERROR;
				CLANG_WARN_DOCUMENTATION_COMMENTS = YES;
				CLANG_WARN_EMPTY_BODY = YES;
				CLANG_WARN_ENUM_CONVERSION = YES;
				CLANG_WARN_INFINITE_RECURSION = YES;
				CLANG_WARN_INT_CONVERSION = YES;
				CLANG_WARN_NON_LITERAL_NULL_CONVERSION = YES;
				CLANG_WARN_OBJC_IMPLICIT_RETAIN_SELF = YES;
				CLANG_WARN_OBJC_LITERAL_CONVERSION = YES;
				CLANG_WARN_OBJC_ROOT_CLASS = YES_ERROR;
				CLANG_WARN_QUOTED_INCLUDE_IN_FRAMEWORK_HEADER = YES;
				CLANG_WARN_RANGE_LOOP_ANALYSIS = YES;
				CLANG_WARN_STRICT_PROTOTYPES = YES;
				CLANG_WARN_SUSPICIOUS_MOVE = YES;
				CLANG_WARN_UNGUARDED_AVAILABILITY = YES_AGGRESSIVE;
				CLANG_WARN_UNREACHABLE_CODE = YES;
				CLANG_WARN__DUPLICATE_METHOD_MATCH = YES;
				COPY_PHASE_STRIP = NO;
				DEBUG_INFORMATION_FORMAT = dwarf;
				ENABLE_STRICT_OBJC_MSGSEND = YES;
				ENABLE_TESTABILITY = YES;
				GCC_C_LANGUAGE_STANDARD = gnu11;
				GCC_DYNAMIC_NO_PIC = NO;
				GCC_NO_COMMON_BLOCKS = YES;
				GCC_OPTIMIZATION_LEVEL = 0;
				GCC_PREPROCESSOR_DEFINITIONS = (
					"DEBUG=1",
					"$(inherited)",
				);
				GCC_WARN_64_TO_32_BIT_CONVERSION = YES;
				GCC_WARN_ABOUT_RETURN_TYPE = YES_ERROR;
				GCC_WARN_UNDECLARED_SELECTOR = YES;
				GCC_WARN_UNINITIALIZED_AUTOS = YES_AGGRESSIVE;
				GCC_WARN_UNUSED_FUNCTION = YES;
				GCC_WARN_UNUSED_VARIABLE = YES;
				IPHONEOS_DEPLOYMENT_TARGET = 15.0;
				MTL_ENABLE_DEBUG_INFO = INCLUDE_SOURCE;
				MTL_FAST_MATH = YES;
				ONLY_ACTIVE_ARCH = YES;
				SDKROOT = iphoneos;
				SWIFT_ACTIVE_COMPILATION_CONDITIONS = DEBUG;
				SWIFT_OPTIMIZATION_LEVEL = "-Onone";
			};
			name = Debug;
		};
		1646751F27763B780067338E /* Release */ = {
			isa = XCBuildConfiguration;
			buildSettings = {
				ALWAYS_SEARCH_USER_PATHS = NO;
				CLANG_ANALYZER_NONNULL = YES;
				CLANG_ANALYZER_NUMBER_OBJECT_CONVERSION = YES_AGGRESSIVE;
				CLANG_CXX_LANGUAGE_STANDARD = "gnu++17";
				CLANG_CXX_LIBRARY = "libc++";
				CLANG_ENABLE_MODULES = YES;
				CLANG_ENABLE_OBJC_ARC = YES;
				CLANG_ENABLE_OBJC_WEAK = YES;
				CLANG_WARN_BLOCK_CAPTURE_AUTORELEASING = YES;
				CLANG_WARN_BOOL_CONVERSION = YES;
				CLANG_WARN_COMMA = YES;
				CLANG_WARN_CONSTANT_CONVERSION = YES;
				CLANG_WARN_DEPRECATED_OBJC_IMPLEMENTATIONS = YES;
				CLANG_WARN_DIRECT_OBJC_ISA_USAGE = YES_ERROR;
				CLANG_WARN_DOCUMENTATION_COMMENTS = YES;
				CLANG_WARN_EMPTY_BODY = YES;
				CLANG_WARN_ENUM_CONVERSION = YES;
				CLANG_WARN_INFINITE_RECURSION = YES;
				CLANG_WARN_INT_CONVERSION = YES;
				CLANG_WARN_NON_LITERAL_NULL_CONVERSION = YES;
				CLANG_WARN_OBJC_IMPLICIT_RETAIN_SELF = YES;
				CLANG_WARN_OBJC_LITERAL_CONVERSION = YES;
				CLANG_WARN_OBJC_ROOT_CLASS = YES_ERROR;
				CLANG_WARN_QUOTED_INCLUDE_IN_FRAMEWORK_HEADER = YES;
				CLANG_WARN_RANGE_LOOP_ANALYSIS = YES;
				CLANG_WARN_STRICT_PROTOTYPES = YES;
				CLANG_WARN_SUSPICIOUS_MOVE = YES;
				CLANG_WARN_UNGUARDED_AVAILABILITY = YES_AGGRESSIVE;
				CLANG_WARN_UNREACHABLE_CODE = YES;
				CLANG_WARN__DUPLICATE_METHOD_MATCH = YES;
				COPY_PHASE_STRIP = NO;
				DEBUG_INFORMATION_FORMAT = "dwarf-with-dsym";
				ENABLE_NS_ASSERTIONS = NO;
				ENABLE_STRICT_OBJC_MSGSEND = YES;
				GCC_C_LANGUAGE_STANDARD = gnu11;
				GCC_NO_COMMON_BLOCKS = YES;
				GCC_WARN_64_TO_32_BIT_CONVERSION = YES;
				GCC_WARN_ABOUT_RETURN_TYPE = YES_ERROR;
				GCC_WARN_UNDECLARED_SELECTOR = YES;
				GCC_WARN_UNINITIALIZED_AUTOS = YES_AGGRESSIVE;
				GCC_WARN_UNUSED_FUNCTION = YES;
				GCC_WARN_UNUSED_VARIABLE = YES;
				IPHONEOS_DEPLOYMENT_TARGET = 15.0;
				MTL_ENABLE_DEBUG_INFO = NO;
				MTL_FAST_MATH = YES;
				SDKROOT = iphoneos;
				SWIFT_COMPILATION_MODE = wholemodule;
				SWIFT_OPTIMIZATION_LEVEL = "-O";
				VALIDATE_PRODUCT = YES;
			};
			name = Release;
		};
		1646752127763B780067338E /* Debug */ = {
			isa = XCBuildConfiguration;
			baseConfigurationReference = A1693F13AA1A7E6DC01FF5D4 /* Pods-Texty.debug.xcconfig */;
			buildSettings = {
				ASSETCATALOG_COMPILER_APPICON_NAME = AppIcon;
				ASSETCATALOG_COMPILER_GLOBAL_ACCENT_COLOR_NAME = AccentColor;
				CODE_SIGN_STYLE = Automatic;
				CURRENT_PROJECT_VERSION = 1;
				DEVELOPMENT_TEAM = 2UX7UJ9L78;
				GENERATE_INFOPLIST_FILE = YES;
				INFOPLIST_FILE = Texty/Info.plist;
				INFOPLIST_KEY_NSAppleMusicUsageDescription = "";
				INFOPLIST_KEY_NSCameraUsageDescription = "Please allow access to take a profile picture.";
				INFOPLIST_KEY_NSMicrophoneUsageDescription = "Please allow access to send video messages.";
				INFOPLIST_KEY_NSPhotoLibraryAddUsageDescription = "Please allow acces to select a photo for your profile.";
				INFOPLIST_KEY_UIApplicationSupportsIndirectInputEvents = YES;
				INFOPLIST_KEY_UILaunchStoryboardName = LaunchScreen;
				INFOPLIST_KEY_UIMainStoryboardFile = Main;
				INFOPLIST_KEY_UISupportedInterfaceOrientations = UIInterfaceOrientationPortrait;
				INFOPLIST_KEY_UISupportedInterfaceOrientations_iPad = "UIInterfaceOrientationPortrait UIInterfaceOrientationPortraitUpsideDown";
				INFOPLIST_KEY_UISupportedInterfaceOrientations_iPhone = "UIInterfaceOrientationPortrait UIInterfaceOrientationLandscapeLeft UIInterfaceOrientationLandscapeRight";
				IPHONEOS_DEPLOYMENT_TARGET = 13.0;
				LD_RUNPATH_SEARCH_PATHS = (
					"$(inherited)",
					"@executable_path/Frameworks",
				);
				MARKETING_VERSION = 1.0;
				PRODUCT_BUNDLE_IDENTIFIER = com.messenger.texty;
				PRODUCT_NAME = "$(TARGET_NAME)";
				SWIFT_EMIT_LOC_STRINGS = YES;
				SWIFT_VERSION = 5.0;
				TARGETED_DEVICE_FAMILY = "1,2";
			};
			name = Debug;
		};
		1646752227763B780067338E /* Release */ = {
			isa = XCBuildConfiguration;
			baseConfigurationReference = AF1127DCB0C7BDEAF36BFB33 /* Pods-Texty.release.xcconfig */;
			buildSettings = {
				ASSETCATALOG_COMPILER_APPICON_NAME = AppIcon;
				ASSETCATALOG_COMPILER_GLOBAL_ACCENT_COLOR_NAME = AccentColor;
				CODE_SIGN_STYLE = Automatic;
				CURRENT_PROJECT_VERSION = 1;
				DEVELOPMENT_TEAM = 2UX7UJ9L78;
				GENERATE_INFOPLIST_FILE = YES;
				INFOPLIST_FILE = Texty/Info.plist;
				INFOPLIST_KEY_NSAppleMusicUsageDescription = "";
				INFOPLIST_KEY_NSCameraUsageDescription = "Please allow access to take a profile picture.";
				INFOPLIST_KEY_NSMicrophoneUsageDescription = "Please allow access to send video messages.";
				INFOPLIST_KEY_NSPhotoLibraryAddUsageDescription = "Please allow acces to select a photo for your profile.";
				INFOPLIST_KEY_UIApplicationSupportsIndirectInputEvents = YES;
				INFOPLIST_KEY_UILaunchStoryboardName = LaunchScreen;
				INFOPLIST_KEY_UIMainStoryboardFile = Main;
				INFOPLIST_KEY_UISupportedInterfaceOrientations = UIInterfaceOrientationPortrait;
				INFOPLIST_KEY_UISupportedInterfaceOrientations_iPad = "UIInterfaceOrientationPortrait UIInterfaceOrientationPortraitUpsideDown";
				INFOPLIST_KEY_UISupportedInterfaceOrientations_iPhone = "UIInterfaceOrientationPortrait UIInterfaceOrientationLandscapeLeft UIInterfaceOrientationLandscapeRight";
				IPHONEOS_DEPLOYMENT_TARGET = 13.0;
				LD_RUNPATH_SEARCH_PATHS = (
					"$(inherited)",
					"@executable_path/Frameworks",
				);
				MARKETING_VERSION = 1.0;
				PRODUCT_BUNDLE_IDENTIFIER = com.messenger.texty;
				PRODUCT_NAME = "$(TARGET_NAME)";
				SWIFT_EMIT_LOC_STRINGS = YES;
				SWIFT_VERSION = 5.0;
				TARGETED_DEVICE_FAMILY = "1,2";
			};
			name = Release;
		};
/* End XCBuildConfiguration section */

/* Begin XCConfigurationList section */
		1646750727763B770067338E /* Build configuration list for PBXProject "Texty" */ = {
			isa = XCConfigurationList;
			buildConfigurations = (
				1646751E27763B780067338E /* Debug */,
				1646751F27763B780067338E /* Release */,
			);
			defaultConfigurationIsVisible = 0;
			defaultConfigurationName = Release;
		};
		1646752027763B780067338E /* Build configuration list for PBXNativeTarget "Texty" */ = {
			isa = XCConfigurationList;
			buildConfigurations = (
				1646752127763B780067338E /* Debug */,
				1646752227763B780067338E /* Release */,
			);
			defaultConfigurationIsVisible = 0;
			defaultConfigurationName = Release;
		};
/* End XCConfigurationList section */
	};
	rootObject = 1646750427763B770067338E /* Project object */;
}
